{
  "name": "elastic-space",
  "lockfileVersion": 3,
  "requires": true,
  "packages": {
    "": {
      "name": "elastic-space",
      "dependencies": {
        "pixi.js": "^8.19.0",
        "three": "^0.185.1"
      },
      "devDependencies": {
        "@breezystack/lamejs": "^1.2.7",
        "audio-decode": "^4.0.0"
      }
    },
    "node_modules/@breezystack/lamejs": {
      "version": "1.2.7",
      "resolved": "https://registry.npmjs.org/@breezystack/lamejs/-/lamejs-1.2.7.tgz",
      "integrity": "sha512-6wc7ck65ctA75Hq7FYHTtTvGnYs6msgdxiSUICQ+A01nVOWg6rqouZB8IdyteRlfpYYiFovkf67dIeOgWIUzTA==",
      "dev": true,
      "license": "LGPL-3.0"
    },
    "node_modules/@eshaz/web-worker": {
      "version": "1.2.2",
      "resolved": "https://registry.npmjs.org/@eshaz/web-worker/-/web-worker-1.2.2.tgz",
      "integrity": "sha512-WxXiHFmD9u/owrzempiDlBB1ZYqiLnm9s6aPc8AlFQalq2tKmqdmMr9GXOupDgzXtqnBipj8Un0gkIm7Sjf8mw==",
      "dev": true,
      "license": "Apache-2.0"
    },
    "node_modules/@pixi/colord": {
      "version": "2.9.6",
      "resolved": "https://registry.npmjs.org/@pixi/colord/-/colord-2.9.6.tgz",
      "integrity": "sha512-nezytU2pw587fQstUu1AsJZDVEynjskwOL+kibwcdxsMBFqPsFFNA7xl0ii/gXuDi6M0xj3mfRJj8pBSc2jCfA==",
      "license": "MIT"
    },
    "node_modules/@thi.ng/bitstream": {
      "version": "2.4.54",
      "resolved": "https://registry.npmjs.org/@thi.ng/bitstream/-/bitstream-2.4.54.tgz",
      "integrity": "sha512-uInkAJge5O0bWWEaYKrQpMccPbFg0z6eIA5NDCJXPm7l3rjlDje6RBHBXll3LiQz9Y051EdzlAEQRaB5hEifdg==",
      "dev": true,
      "funding": [
        {
          "type": "github",
          "url": "https://github.com/sponsors/postspectacular"
        },
        {
          "type": "patreon",
          "url": "https://patreon.com/thing_umbrella"
        },
        {
          "type": "liberapay",
          "url": "https://liberapay.com/thi.ng"
        }
      ],
      "license": "Apache-2.0",
      "dependencies": {
        "@thi.ng/errors": "^2.6.16"
      },
      "engines": {
        "node": ">=18"
      }
    },
    "node_modules/@thi.ng/errors": {
      "version": "2.6.16",
      "resolved": "https://registry.npmjs.org/@thi.ng/errors/-/errors-2.6.16.tgz",
      "integrity": "sha512-a7Lv/G0La5eTNUEIyLldpeYziyFSj3rOlWNeXFu8v+ZSb8w8EnQ/L0r0sKHux7Ru6RhUkAXrcaHU7xd1ZkWovA==",
      "dev": true,
      "funding": [
        {
          "type": "github",
          "url": "https://github.com/sponsors/postspectacular"
        },
        {
          "type": "patreon",
          "url": "https://patreon.com/thing_umbrella"
        },
        {
          "type": "liberapay",
          "url": "https://liberapay.com/thi.ng"
        }
      ],
      "license": "Apache-2.0",
      "engines": {
        "node": ">=18"
      }
    },
    "node_modules/@types/earcut": {
      "version": "3.0.0",
      "resolved": "https://registry.npmjs.org/@types/earcut/-/earcut-3.0.0.tgz",
      "integrity": "sha512-k/9fOUGO39yd2sCjrbAJvGDEQvRwRnQIZlBz43roGwUZo5SHAmyVvSFyaVVZkicRVCaDXPKlbxrUcBuJoSWunQ==",
      "license": "MIT"
    },
    "node_modules/@wasm-audio-decoders/common": {
      "version": "9.0.7",
      "resolved": "https://registry.npmjs.org/@wasm-audio-decoders/common/-/common-9.0.7.tgz",
      "integrity": "sha512-WRaUuWSKV7pkttBygml/a6dIEpatq2nnZGFIoPTc5yPLkxL6Wk4YaslPM98OPQvWacvNZ+Py9xROGDtrFBDzag==",
      "dev": true,
      "license": "MIT",
      "dependencies": {
        "@eshaz/web-worker": "1.2.2",
        "simple-yenc": "^1.0.4"
      }
    },
    "node_modules/@wasm-audio-decoders/flac": {
      "version": "0.2.10",
      "resolved": "https://registry.npmjs.org/@wasm-audio-decoders/flac/-/flac-0.2.10.tgz",
      "integrity": "sha512-YfcyoD2rYRBa6ffawZKNi5qvV5HArJmNmuMVUPoutuZ2hhGi6WNSWIzgvbROGmPbFivLL764Am7xxJENWJDhjw==",
      "dev": true,
      "license": "MIT",
      "dependencies": {
        "@wasm-audio-decoders/common": "9.0.7",
        "codec-parser": "2.5.0"
      },
      "funding": {
        "type": "individual",
        "url": "https://github.com/sponsors/eshaz"
      }
    },
    "node_modules/@wasm-audio-decoders/ogg-vorbis": {
      "version": "0.1.20",
      "resolved": "https://registry.npmjs.org/@wasm-audio-decoders/ogg-vorbis/-/ogg-vorbis-0.1.20.tgz",
      "integrity": "sha512-zaQPasU5usRjUDXtXOHYED5tfkR4QMXd+EH3Nrz1+4+M5pCsdD+s9YxJqb0oqnTyRu/KUujOmu5Z/m/NT47vwg==",
      "dev": true,
      "license": "MIT",
      "dependencies": {
        "@wasm-audio-decoders/common": "9.0.7",
        "codec-parser": "2.5.0"
      },
      "funding": {
        "type": "individual",
        "url": "https://github.com/sponsors/eshaz"
      }
    },
    "node_modules/@wasm-audio-decoders/opus-ml": {
      "version": "0.0.2",
      "resolved": "https://registry.npmjs.org/@wasm-audio-decoders/opus-ml/-/opus-ml-0.0.2.tgz",
      "integrity": "sha512-58rWEqDGg+CKCyEeKm2KoxxSwTWtHh/NLTW9ObR4K8CGF6VwuuGudEI1CtniS/oSRmL1nJq/eh8MKARiluw4DQ==",
      "dev": true,
      "license": "MIT",
      "dependencies": {
        "@wasm-audio-decoders/common": "9.0.7"
      },
      "funding": {
        "type": "individual",
        "url": "https://github.com/sponsors/eshaz"
      }
    },
    "node_modules/@webgpu/types": {
      "version": "0.1.71",
      "resolved": "https://registry.npmjs.org/@webgpu/types/-/types-0.1.71.tgz",
      "integrity": "sha512-mMy8/ODcKhab808co15eW+yN+HgXoQxRQHTiBV9Mrvl1r0ufnid7YOcI+gi4eUWSWl9ezD6TW2KXccrL8HCh2A==",
      "license": "BSD-3-Clause"
    },
    "node_modules/@xmldom/xmldom": {
      "version": "0.8.13",
      "resolved": "https://registry.npmjs.org/@xmldom/xmldom/-/xmldom-0.8.13.tgz",
      "integrity": "sha512-KRYzxepc14G/CEpEGc3Yn+JKaAeT63smlDr+vjB8jRfgTBBI9wRj/nkQEO+ucV8p8I9bfKLWp37uHgFrbntPvw==",
      "license": "MIT",
      "engines": {
        "node": ">=10.0.0"
      }
    },
    "node_modules/aac-decode": {
      "version": "1.0.1",
      "resolved": "https://registry.npmjs.org/aac-decode/-/aac-decode-1.0.1.tgz",
      "integrity": "sha512-9r2b9c80bJxNpWlIJRpUxzm/mhAJX4cbgjYc5esLDgyS3CJi+qVvoCj7dWeUN0FNDspnLx/+m4z4Ep24/XeaIg==",
      "deprecated": "Moved to @audio/aac-decode",
      "dev": true,
      "license": "GPL-2.0",
      "engines": {
        "node": ">=16"
      }
    },
    "node_modules/audio-decode": {
      "version": "4.0.0",
      "resolved": "https://registry.npmjs.org/audio-decode/-/audio-decode-4.0.0.tgz",
      "integrity": "sha512-h1RRj9O+ppuXxD4p/hgwTBio+V0FlM4x1q9VXFmUTz9gKYbcKVdCQ0bsO6yN0+Pw5x54y9XUeMrsvZzndcq/ew==",
      "deprecated": "Renamed to @audio/decode — same API; this name remains a thin alias. npm i @audio/decode",
      "dev": true,
      "license": "MIT",
      "dependencies": {
        "@wasm-audio-decoders/flac": "^0.2.10",
        "@wasm-audio-decoders/ogg-vorbis": "^0.1.20",
        "aac-decode": "^1.0.0",
        "audio-type": "^2.4.0",
        "mpg123-decoder": "^1.0.3",
        "node-wav": "^0.0.2",
        "ogg-opus-decoder": "^1.7.3",
        "qoa-format": "^1.0.1"
      }
    },
    "node_modules/audio-type": {
      "version": "2.4.2",
      "resolved": "https://registry.npmjs.org/audio-type/-/audio-type-2.4.2.tgz",
      "integrity": "sha512-E9Bl1FGGDS81H/mKvaoPq0iQ8uT3qTBe6XWjipOo5kYrhLMAbjD7hREAVle0YJFahZOVbztxTdkwi0VBDJutSA==",
      "dev": true,
      "license": "MIT",
      "engines": {
        "node": ">=14"
      },
      "funding": {
        "url": "https://github.com/sponsors/audiojs"
      }
    },
    "node_modules/codec-parser": {
      "version": "2.5.0",
      "resolved": "https://registry.npmjs.org/codec-parser/-/codec-parser-2.5.0.tgz",
      "integrity": "sha512-Ru9t80fV8B0ZiixQl8xhMTLru+dzuis/KQld32/x5T/+3LwZb0/YvQdSKytX9JqCnRdiupvAvyYJINKrXieziQ==",
      "dev": true,
      "license": "LGPL-3.0-or-later"
    },
    "node_modules/earcut": {
      "version": "3.2.2",
      "resolved": "https://registry.npmjs.org/earcut/-/earcut-3.2.2.tgz",
      "integrity": "sha512-PDQoCIlNXct9iyAL03C1TbTURwQ+DGkJsNSW3Aai+VRrW4uA3XKDdV3OwQUAGsdZyVZwB9FjW5O/Jag36Y7NmA==",
      "license": "ISC"
    },
    "node_modules/eventemitter3": {
      "version": "5.0.4",
      "resolved": "https://registry.npmjs.org/eventemitter3/-/eventemitter3-5.0.4.tgz",
      "integrity": "sha512-mlsTRyGaPBjPedk6Bvw+aqbsXDtoAyAzm5MO7JgU+yVRyMQ5O8bD4Kcci7BS85f93veegeCPkL8R4GLClnjLFw==",
      "license": "MIT"
    },
    "node_modules/gifuct-js": {
      "version": "2.1.2",
      "resolved": "https://registry.npmjs.org/gifuct-js/-/gifuct-js-2.1.2.tgz",
      "integrity": "sha512-rI2asw77u0mGgwhV3qA+OEgYqaDn5UNqgs+Bx0FGwSpuqfYn+Ir6RQY5ENNQ8SbIiG/m5gVa7CD5RriO4f4Lsg==",
      "license": "MIT",
      "dependencies": {
        "js-binary-schema-parser": "^2.0.3"
      }
    },
    "node_modules/ismobilejs": {
      "version": "1.1.1",
      "resolved": "https://registry.npmjs.org/ismobilejs/-/ismobilejs-1.1.1.tgz",
      "integrity": "sha512-VaFW53yt8QO61k2WJui0dHf4SlL8lxBofUuUmwBo0ljPk0Drz2TiuDW4jo3wDcv41qy/SxrJ+VAzJ/qYqsmzRw==",
      "license": "MIT"
    },
    "node_modules/js-binary-schema-parser": {
      "version": "2.0.3",
      "resolved": "https://registry.npmjs.org/js-binary-schema-parser/-/js-binary-schema-parser-2.0.3.tgz",
      "integrity": "sha512-xezGJmOb4lk/M1ZZLTR/jaBHQ4gG/lqQnJqdIv4721DMggsa1bDVlHXNeHYogaIEHD9vCRv0fcL4hMA+Coarkg==",
      "license": "MIT"
    },
    "node_modules/mpg123-decoder": {
      "version": "1.0.3",
      "resolved": "https://registry.npmjs.org/mpg123-decoder/-/mpg123-decoder-1.0.3.tgz",
      "integrity": "sha512-+fjxnWigodWJm3+4pndi+KUg9TBojgn31DPk85zEsim7C6s0X5Ztc/hQYdytXkwuGXH+aB0/aEkG40Emukv6oQ==",
      "dev": true,
      "license": "MIT",
      "dependencies": {
        "@wasm-audio-decoders/common": "9.0.7"
      },
      "funding": {
        "type": "individual",
        "url": "https://github.com/sponsors/eshaz"
      }
    },
    "node_modules/node-wav": {
      "version": "0.0.2",
      "resolved": "https://registry.npmjs.org/node-wav/-/node-wav-0.0.2.tgz",
      "integrity": "sha512-M6Rm/bbG6De/gKGxOpeOobx/dnGuP0dz40adqx38boqHhlWssBJZgLCPBNtb9NkrmnKYiV04xELq+R6PFOnoLA==",
      "dev": true,
      "license": "MIT",
      "engines": {
        "node": ">=4.4.0"
      }
    },
    "node_modules/ogg-opus-decoder": {
      "version": "1.7.3",
      "resolved": "https://registry.npmjs.org/ogg-opus-decoder/-/ogg-opus-decoder-1.7.3.tgz",
      "integrity": "sha512-w47tiZpkLgdkpa+34VzYD8mHUj8I9kfWVZa82mBbNwDvB1byfLXSSzW/HxA4fI3e9kVlICSpXGFwMLV1LPdjwg==",
      "dev": true,
      "license": "MIT",
      "dependencies": {
        "@wasm-audio-decoders/common": "9.0.7",
        "@wasm-audio-decoders/opus-ml": "0.0.2",
        "codec-parser": "2.5.0",
        "opus-decoder": "0.7.11"
      },
      "funding": {
        "type": "individual",
        "url": "https://github.com/sponsors/eshaz"
      }
    },
    "node_modules/opus-decoder": {
      "version": "0.7.11",
      "resolved": "https://registry.npmjs.org/opus-decoder/-/opus-decoder-0.7.11.tgz",
      "integrity": "sha512-+e+Jz3vGQLxRTBHs8YJQPRPc1Tr+/aC6coV/DlZylriA29BdHQAYXhvNRKtjftof17OFng0+P4wsFIqQu3a48A==",
      "dev": true,
      "license": "MIT",
      "dependencies": {
        "@wasm-audio-decoders/common": "9.0.7"
      },
      "funding": {
        "type": "individual",
        "url": "https://github.com/sponsors/eshaz"
      }
    },
    "node_modules/parse-svg-path": {
      "version": "0.2.0",
      "resolved": "https://registry.npmjs.org/parse-svg-path/-/parse-svg-path-0.2.0.tgz",
      "integrity": "sha512-Tf7FFIrguPKQwzD4pWnYkR2VOv3raoHeKED80Bm+BYHI3KxC8KsgsGC5+fSMzAGDA6UEk4bHvmi+RsjmL3khpg==",
      "license": "MIT"
    },
    "node_modules/pixi.js": {
      "version": "8.19.0",
      "resolved": "https://registry.npmjs.org/pixi.js/-/pixi.js-8.19.0.tgz",
      "integrity": "sha512-pq1O6emA/GFjjeF+8d3Pb5t7knD8FsnfWGqQcRjYjsqFZ7QdzG1XgjLDUu0DFJRbafjV5+g8iNLFBx0b9649lg==",
      "license": "MIT",
      "workspaces": [
        "examples",
        "playground"
      ],
      "dependencies": {
        "@pixi/colord": "^2.9.6",
        "@types/earcut": "^3.0.0",
        "@webgpu/types": "^0.1.69",
        "@xmldom/xmldom": "^0.8.13",
        "earcut": "^3.0.2",
        "eventemitter3": "^5.0.1",
        "gifuct-js": "^2.1.2",
        "ismobilejs": "^1.1.1",
        "parse-svg-path": "^0.2.0",
        "tiny-lru": "^11.4.7"
      },
      "funding": {
        "type": "opencollective",
        "url": "https://opencollective.com/pixijs"
      }
    },
    "node_modules/qoa-format": {
      "version": "1.0.1",
      "resolved": "https://registry.npmjs.org/qoa-format/-/qoa-format-1.0.1.tgz",
      "integrity": "sha512-dMB0Z6XQjdpz/Cw4Rf6RiBpQvUSPCfYlQMWvmuWlWkAT7nDQD29cVZ1SwDUB6DYJSitHENwbt90lqfI+7bvMcw==",
      "dev": true,
      "license": "MIT",
      "dependencies": {
        "@thi.ng/bitstream": "^2.2.12"
      }
    },
    "node_modules/simple-yenc": {
      "version": "1.0.4",
      "resolved": "https://registry.npmjs.org/simple-yenc/-/simple-yenc-1.0.4.tgz",
      "integrity": "sha512-5gvxpSd79e9a3V4QDYUqnqxeD4HGlhCakVpb6gMnDD7lexJggSBJRBO5h52y/iJrdXRilX9UCuDaIJhSWm5OWw==",
      "dev": true,
      "license": "MIT",
      "funding": {
        "type": "individual",
        "url": "https://github.com/sponsors/eshaz"
      }
    },
    "node_modules/three": {
      "version": "0.185.1",
      "resolved": "https://registry.npmjs.org/three/-/three-0.185.1.tgz",
      "integrity": "sha512-5aojFCXKwnjBRZvUnt3WFfEcvUJgkN5LlijRFN95hMy8WVkG4I0QNcJE+OuWvuJ0bOdStrbfXn0pkd6/QyiAlg==",
      "license": "MIT"
    },
    "node_modules/tiny-lru": {
      "version": "11.4.7",
      "resolved": "https://registry.npmjs.org/tiny-lru/-/tiny-lru-11.4.7.tgz",
      "integrity": "sha512-w/Te7uMUVeH0CR8vZIjr+XiN41V+30lkDdK+NRIDCUYKKuL9VcmaUEmaPISuwGhLlrTGh5yu18lENtR9axSxYw==",
      "license": "BSD-3-Clause",
      "engines": {
        "node": ">=12"
      }
    }
  }
}
